
Microsoft Visual Studio Solution File, Format Version 12.00
# Visual Studio 15
VisualStudioVersion = 15.0.28010.0
MinimumVisualStudioVersion = 10.0.40219.1
Project("{FAE04EC0-301F-11D3-BF4B-00C04F79EFBC}") = "OOP_Practice_09.17.2018", "OOP_Practice_09.17.2018\OOP_Practice_09.17.2018.csproj", "{5516824F-C4C6-45F5-8D7E-F76B5ACB1469}"
EndProject
Global
	GlobalSection(SolutionConfigurationPlatforms) = preSolution
		Debug|Any CPU = Debug|Any CPU
		Release|Any CPU = Release|Any CPU
	EndGlobalSection
	GlobalSection(ProjectConfigurationPlatforms) = postSolution
		{5516824F-C4C6-45F5-8D7E-F76B5ACB1469}.Debug|Any CPU.ActiveCfg = Debug|Any CPU
		{5516824F-C4C6-45F5-8D7E-F76B5ACB1469}.Debug|Any CPU.Build.0 = Debug|Any CPU
		{5516824F-C4C6-45F5-8D7E-F76B5ACB1469}.Release|Any CPU.ActiveCfg = Release|Any CPU
		{5516824F-C4C6-45F5-8D7E-F76B5ACB1469}.Release|Any CPU.Build.0 = Release|Any CPU
	EndGlobalSection
	GlobalSection(SolutionProperties) = preSolution
		HideSolutionNode = FALSE
	EndGlobalSection
	GlobalSection(ExtensibilityGlobals) = postSolution
		SolutionGuid = {59A94E64-E4D3-4216-8C80-F2CE2C953F6D}
	EndGlobalSection
EndGlobal
